
Microsoft Visual Studio Solution File, Format Version 12.00
# Visual Studio 15
VisualStudioVersion = 15.0.27428.2015
MinimumVisualStudioVersion = 10.0.40219.1
Project("{FAE04EC0-301F-11D3-BF4B-00C04F79EFBC}") = "EvoMod2", "EvoMod2\EvoMod2.csproj", "{BA4CD238-7025-4F09-8BF7-D14D7102658D}"
EndProject
Global
	GlobalSection(SolutionConfigurationPlatforms) = preSolution
		Debug|Any CPU = Debug|Any CPU
		Release|Any CPU = Release|Any CPU
	EndGlobalSection
	GlobalSection(ProjectConfigurationPlatforms) = postSolution
		{BA4CD238-7025-4F09-8BF7-D14D7102658D}.Debug|Any CPU.ActiveCfg = Debug|Any CPU
		{BA4CD238-7025-4F09-8BF7-D14D7102658D}.Debug|Any CPU.Build.0 = Debug|Any CPU
		{BA4CD238-7025-4F09-8BF7-D14D7102658D}.Release|Any CPU.ActiveCfg = Release|Any CPU
		{BA4CD238-7025-4F09-8BF7-D14D7102658D}.Release|Any CPU.Build.0 = Release|Any CPU
	EndGlobalSection
	GlobalSection(SolutionProperties) = preSolution
		HideSolutionNode = FALSE
	EndGlobalSection
	GlobalSection(ExtensibilityGlobals) = postSolution
		SolutionGuid = {05CF858E-CBCD-423F-A012-B38BA618D0B1}
	EndGlobalSection
EndGlobal
